// !$*UTF8*$!
{
	archiveVersion = 1;
	classes = {
	};
	objectVersion = 55;
	objects = {

/* Begin PBXBuildFile section */
		03E7BEB87FF281F1034E2360 /* Pods_iosdemo.framework in Frameworks */ = {isa = PBXBuildFile; fileRef = A50E4632AA4013E20C8609E6 /* Pods_iosdemo.framework */; };
		070BABBF76F2B6453220901B /* Pods_iosdemo_iosdemoUITests.framework in Frameworks */ = {isa = PBXBuildFile; fileRef = 889D57FD92D4E8809DA71017 /* Pods_iosdemo_iosdemoUITests.framework */; };
		74155D2B2A47E40000440A8B /* PictureInPictureManager.swift in Sources */ = {isa = PBXBuildFile; fileRef = 74155D2A2A47E40000440A8B /* PictureInPictureManager.swift */; };
		74155D2D2A47E60800440A8B /* SixViewController.swift in Sources */ = {isa = PBXBuildFile; fileRef = 74155D2C2A47E60800440A8B /* SixViewController.swift */; };
		74155D302A47E9E500440A8B /* AVKit.framework in Frameworks */ = {isa = PBXBuildFile; fileRef = 74155D2F2A47E9E400440A8B /* AVKit.framework */; };
		74155D322A47E9EE00440A8B /* AVFoundation.framework in Frameworks */ = {isa = PBXBuildFile; fileRef = 74155D312A47E9EE00440A8B /* AVFoundation.framework */; };
		7419299129E317B700CF3A51 /* MGSLabel.swift in Sources */ = {isa = PBXBuildFile; fileRef = 7419299029E317B700CF3A51 /* MGSLabel.swift */; };
		7419299329E317CF00CF3A51 /* Toast.swift in Sources */ = {isa = PBXBuildFile; fileRef = 7419299229E317CF00CF3A51 /* Toast.swift */; };
		7419299529E3A57C00CF3A51 /* CutomTextView.swift in Sources */ = {isa = PBXBuildFile; fileRef = 7419299429E3A57C00CF3A51 /* CutomTextView.swift */; };
		74403FFA29E9260A00E2DAAF /* CustomTabBar.swift in Sources */ = {isa = PBXBuildFile; fileRef = 74403FF929E9260A00E2DAAF /* CustomTabBar.swift */; };
		74403FFC29E92EBA00E2DAAF /* FourthViewController.swift in Sources */ = {isa = PBXBuildFile; fileRef = 74403FFB29E92EBA00E2DAAF /* FourthViewController.swift */; };
		74403FFE29E933C500E2DAAF /* CustomTabs.swift in Sources */ = {isa = PBXBuildFile; fileRef = 74403FFD29E933C500E2DAAF /* CustomTabs.swift */; };
		7440400029ED467500E2DAAF /* TabViewController.swift in Sources */ = {isa = PBXBuildFile; fileRef = 74403FFF29ED467500E2DAAF /* TabViewController.swift */; };
		7440400229ED46F300E2DAAF /* Home.swift in Sources */ = {isa = PBXBuildFile; fileRef = 7440400129ED46F300E2DAAF /* Home.swift */; };
		7440400429ED471100E2DAAF /* Test.swift in Sources */ = {isa = PBXBuildFile; fileRef = 7440400329ED471100E2DAAF /* Test.swift */; };
		7474948D29E7D76C00391854 /* UIDeviceExtension.swift in Sources */ = {isa = PBXBuildFile; fileRef = 7474948C29E7D76C00391854 /* UIDeviceExtension.swift */; };
		749FEF8B2A481B350003B6D3 /* VideoPlayer.swift in Sources */ = {isa = PBXBuildFile; fileRef = 749FEF8A2A481B350003B6D3 /* VideoPlayer.swift */; };
		74A8504329DA6E0E0032823A /* AppDelegate.swift in Sources */ = {isa = PBXBuildFile; fileRef = 74A8504229DA6E0E0032823A /* AppDelegate.swift */; };
		74A8504529DA6E0E0032823A /* SceneDelegate.swift in Sources */ = {isa = PBXBuildFile; fileRef = 74A8504429DA6E0E0032823A /* SceneDelegate.swift */; };
		74A8504729DA6E0E0032823A /* TestViewController.swift in Sources */ = {isa = PBXBuildFile; fileRef = 74A8504629DA6E0E0032823A /* TestViewController.swift */; };
		74A8504A29DA6E0E0032823A /* Main.storyboard in Resources */ = {isa = PBXBuildFile; fileRef = 74A8504829DA6E0E0032823A /* Main.storyboard */; };
		74A8504C29DA6E0F0032823A /* Assets.xcassets in Resources */ = {isa = PBXBuildFile; fileRef = 74A8504B29DA6E0F0032823A /* Assets.xcassets */; };
		74A8504F29DA6E0F0032823A /* LaunchScreen.storyboard in Resources */ = {isa = PBXBuildFile; fileRef = 74A8504D29DA6E0F0032823A /* LaunchScreen.storyboard */; };
		74A8505A29DA6E0F0032823A /* iosdemoTests.swift in Sources */ = {isa = PBXBuildFile; fileRef = 74A8505929DA6E0F0032823A /* iosdemoTests.swift */; };
		74A8506429DA6E0F0032823A /* iosdemoUITests.swift in Sources */ = {isa = PBXBuildFile; fileRef = 74A8506329DA6E0F0032823A /* iosdemoUITests.swift */; };
		74A8506629DA6E0F0032823A /* iosdemoUITestsLaunchTests.swift in Sources */ = {isa = PBXBuildFile; fileRef = 74A8506529DA6E0F0032823A /* iosdemoUITestsLaunchTests.swift */; };
		74C2B91929E300EF00C84FEE /* SecondViewController.swift in Sources */ = {isa = PBXBuildFile; fileRef = 74C2B91829E300EF00C84FEE /* SecondViewController.swift */; };
		74C2B91B29E30DE900C84FEE /* UtilX.swift in Sources */ = {isa = PBXBuildFile; fileRef = 74C2B91A29E30DE900C84FEE /* UtilX.swift */; };
		74CE2B1B29E79DCC005A6258 /* ThirdViewController.swift in Sources */ = {isa = PBXBuildFile; fileRef = 74CE2B1A29E79DCC005A6258 /* ThirdViewController.swift */; };
		74D56E742A4A81300050F614 /* SevenViewController.swift in Sources */ = {isa = PBXBuildFile; fileRef = 74D56E732A4A81300050F614 /* SevenViewController.swift */; };
		74E5A93D29F77C3F003431C3 /* BaseViewController.swift in Sources */ = {isa = PBXBuildFile; fileRef = 74E5A93C29F77C3F003431C3 /* BaseViewController.swift */; };
		74E5A93F29F7AE2D003431C3 /* FifthViewController.swift in Sources */ = {isa = PBXBuildFile; fileRef = 74E5A93E29F7AE2D003431C3 /* FifthViewController.swift */; };
		74E5A96729F7F157003431C3 /* ListView.swift in Sources */ = {isa = PBXBuildFile; fileRef = 74E5A96629F7F157003431C3 /* ListView.swift */; };
		74E7969529F8D0D700BBF4B4 /* UILabelViewController.swift in Sources */ = {isa = PBXBuildFile; fileRef = 74E7969429F8D0D700BBF4B4 /* UILabelViewController.swift */; };
		74EE72E129FA243B005CF0A6 /* UIButtonViewController.swift in Sources */ = {isa = PBXBuildFile; fileRef = 74EE72E029FA243B005CF0A6 /* UIButtonViewController.swift */; };
		74F2779229F4C98900F90016 /* UIImageExtension.swift in Sources */ = {isa = PBXBuildFile; fileRef = 74F2779129F4C98900F90016 /* UIImageExtension.swift */; };
		74F2779429F5145000F90016 /* UIKitListViewController.swift in Sources */ = {isa = PBXBuildFile; fileRef = 74F2779329F5145000F90016 /* UIKitListViewController.swift */; };
		74F2779629F514A300F90016 /* SwiftUIListViewController.swift in Sources */ = {isa = PBXBuildFile; fileRef = 74F2779529F514A300F90016 /* SwiftUIListViewController.swift */; };
		74F2779829F5273E00F90016 /* CustomTabViewCellBySwiftUI.swift in Sources */ = {isa = PBXBuildFile; fileRef = 74F2779729F5273E00F90016 /* CustomTabViewCellBySwiftUI.swift */; };
		74F2779A29F52EB600F90016 /* CustomTabViewCell.swift in Sources */ = {isa = PBXBuildFile; fileRef = 74F2779929F52EB600F90016 /* CustomTabViewCell.swift */; };
		74F2779C29F53BE800F90016 /* TableCellModel.swift in Sources */ = {isa = PBXBuildFile; fileRef = 74F2779B29F53BE800F90016 /* TableCellModel.swift */; };
		74F2779E29F68EB300F90016 /* ColorExtentsion.swift in Sources */ = {isa = PBXBuildFile; fileRef = 74F2779D29F68EB300F90016 /* ColorExtentsion.swift */; };
		F03D386444729890AF2E0F28 /* Pods_iosdemoTests.framework in Frameworks */ = {isa = PBXBuildFile; fileRef = 015EF945641D0AF99A0E9F50 /* Pods_iosdemoTests.framework */; };
/* End PBXBuildFile section */

/* Begin PBXContainerItemProxy section */
		74A8505629DA6E0F0032823A /* PBXContainerItemProxy */ = {
			isa = PBXContainerItemProxy;
			containerPortal = 74A8503729DA6E0E0032823A /* Project object */;
			proxyType = 1;
			remoteGlobalIDString = 74A8503E29DA6E0E0032823A;
			remoteInfo = iosdemo;
		};
		74A8506029DA6E0F0032823A /* PBXContainerItemProxy */ = {
			isa = PBXContainerItemProxy;
			containerPortal = 74A8503729DA6E0E0032823A /* Project object */;
			proxyType = 1;
			remoteGlobalIDString = 74A8503E29DA6E0E0032823A;
			remoteInfo = iosdemo;
		};
/* End PBXContainerItemProxy section */

/* Begin PBXFileReference section */
		015EF945641D0AF99A0E9F50 /* Pods_iosdemoTests.framework */ = {isa = PBXFileReference; explicitFileType = wrapper.framework; includeInIndex = 0; path = Pods_iosdemoTests.framework; sourceTree = BUILT_PRODUCTS_DIR; };
		25CAD43FF6409F956A7FF9A1 /* Pods-iosdemoTests.release.xcconfig */ = {isa = PBXFileReference; includeInIndex = 1; lastKnownFileType = text.xcconfig; name = "Pods-iosdemoTests.release.xcconfig"; path = "Target Support Files/Pods-iosdemoTests/Pods-iosdemoTests.release.xcconfig"; sourceTree = "<group>"; };
		4E766DF573671699CE409A76 /* Pods-iosdemo.debug.xcconfig */ = {isa = PBXFileReference; includeInIndex = 1; lastKnownFileType = text.xcconfig; name = "Pods-iosdemo.debug.xcconfig"; path = "Target Support Files/Pods-iosdemo/Pods-iosdemo.debug.xcconfig"; sourceTree = "<group>"; };
		74155D2A2A47E40000440A8B /* PictureInPictureManager.swift */ = {isa = PBXFileReference; lastKnownFileType = sourcecode.swift; path = PictureInPictureManager.swift; sourceTree = "<group>"; };
		74155D2C2A47E60800440A8B /* SixViewController.swift */ = {isa = PBXFileReference; lastKnownFileType = sourcecode.swift; path = SixViewController.swift; sourceTree = "<group>"; };
		74155D2F2A47E9E400440A8B /* AVKit.framework */ = {isa = PBXFileReference; lastKnownFileType = wrapper.framework; name = AVKit.framework; path = System/Library/Frameworks/AVKit.framework; sourceTree = SDKROOT; };
		74155D312A47E9EE00440A8B /* AVFoundation.framework */ = {isa = PBXFileReference; lastKnownFileType = wrapper.framework; name = AVFoundation.framework; path = System/Library/Frameworks/AVFoundation.framework; sourceTree = SDKROOT; };
		7419299029E317B700CF3A51 /* MGSLabel.swift */ = {isa = PBXFileReference; lastKnownFileType = sourcecode.swift; path = MGSLabel.swift; sourceTree = "<group>"; };
		7419299229E317CF00CF3A51 /* Toast.swift */ = {isa = PBXFileReference; lastKnownFileType = sourcecode.swift; path = Toast.swift; sourceTree = "<group>"; };
		7419299429E3A57C00CF3A51 /* CutomTextView.swift */ = {isa = PBXFileReference; lastKnownFileType = sourcecode.swift; path = CutomTextView.swift; sourceTree = "<group>"; };
		7419299629E3B23600CF3A51 /* iosdemo.xcodeproj */ = {isa = PBXFileReference; lastKnownFileType = "wrapper.pb-project"; path = iosdemo.xcodeproj; sourceTree = "<group>"; };
		74403FF929E9260A00E2DAAF /* CustomTabBar.swift */ = {isa = PBXFileReference; lastKnownFileType = sourcecode.swift; path = CustomTabBar.swift; sourceTree = "<group>"; };
		74403FFB29E92EBA00E2DAAF /* FourthViewController.swift */ = {isa = PBXFileReference; lastKnownFileType = sourcecode.swift; path = FourthViewController.swift; sourceTree = "<group>"; };
		74403FFD29E933C500E2DAAF /* CustomTabs.swift */ = {isa = PBXFileReference; lastKnownFileType = sourcecode.swift; path = CustomTabs.swift; sourceTree = "<group>"; };
		74403FFF29ED467500E2DAAF /* TabViewController.swift */ = {isa = PBXFileReference; lastKnownFileType = sourcecode.swift; path = TabViewController.swift; sourceTree = "<group>"; };
		7440400129ED46F300E2DAAF /* Home.swift */ = {isa = PBXFileReference; lastKnownFileType = sourcecode.swift; path = Home.swift; sourceTree = "<group>"; };
		7440400329ED471100E2DAAF /* Test.swift */ = {isa = PBXFileReference; lastKnownFileType = sourcecode.swift; path = Test.swift; sourceTree = "<group>"; };
		7474948C29E7D76C00391854 /* UIDeviceExtension.swift */ = {isa = PBXFileReference; lastKnownFileType = sourcecode.swift; path = UIDeviceExtension.swift; sourceTree = "<group>"; };
		749FEF8A2A481B350003B6D3 /* VideoPlayer.swift */ = {isa = PBXFileReference; lastKnownFileType = sourcecode.swift; path = VideoPlayer.swift; sourceTree = "<group>"; };
		74A8503F29DA6E0E0032823A /* iosdemo.app */ = {isa = PBXFileReference; explicitFileType = wrapper.application; includeInIndex = 0; path = iosdemo.app; sourceTree = BUILT_PRODUCTS_DIR; };
		74A8504229DA6E0E0032823A /* AppDelegate.swift */ = {isa = PBXFileReference; lastKnownFileType = sourcecode.swift; path = AppDelegate.swift; sourceTree = "<group>"; };
		74A8504429DA6E0E0032823A /* SceneDelegate.swift */ = {isa = PBXFileReference; lastKnownFileType = sourcecode.swift; path = SceneDelegate.swift; sourceTree = "<group>"; };
		74A8504629DA6E0E0032823A /* TestViewController.swift */ = {isa = PBXFileReference; lastKnownFileType = sourcecode.swift; path = TestViewController.swift; sourceTree = "<group>"; };
		74A8504929DA6E0E0032823A /* Base */ = {isa = PBXFileReference; lastKnownFileType = file.storyboard; name = Base; path = Base.lproj/Main.storyboard; sourceTree = "<group>"; };
		74A8504B29DA6E0F0032823A /* Assets.xcassets */ = {isa = PBXFileReference; lastKnownFileType = folder.assetcatalog; path = Assets.xcassets; sourceTree = "<group>"; };
		74A8504E29DA6E0F0032823A /* Base */ = {isa = PBXFileReference; lastKnownFileType = file.storyboard; name = Base; path = Base.lproj/LaunchScreen.storyboard; sourceTree = "<group>"; };
		74A8505029DA6E0F0032823A /* Info.plist */ = {isa = PBXFileReference; lastKnownFileType = text.plist.xml; path = Info.plist; sourceTree = "<group>"; };
		74A8505529DA6E0F0032823A /* iosdemoTests.xctest */ = {isa = PBXFileReference; explicitFileType = wrapper.cfbundle; includeInIndex = 0; path = iosdemoTests.xctest; sourceTree = BUILT_PRODUCTS_DIR; };
		74A8505929DA6E0F0032823A /* iosdemoTests.swift */ = {isa = PBXFileReference; lastKnownFileType = sourcecode.swift; path = iosdemoTests.swift; sourceTree = "<group>"; };
		74A8505F29DA6E0F0032823A /* iosdemoUITests.xctest */ = {isa = PBXFileReference; explicitFileType = wrapper.cfbundle; includeInIndex = 0; path = iosdemoUITests.xctest; sourceTree = BUILT_PRODUCTS_DIR; };
		74A8506329DA6E0F0032823A /* iosdemoUITests.swift */ = {isa = PBXFileReference; lastKnownFileType = sourcecode.swift; path = iosdemoUITests.swift; sourceTree = "<group>"; };
		74A8506529DA6E0F0032823A /* iosdemoUITestsLaunchTests.swift */ = {isa = PBXFileReference; lastKnownFileType = sourcecode.swift; path = iosdemoUITestsLaunchTests.swift; sourceTree = "<group>"; };
		74C2B91829E300EF00C84FEE /* SecondViewController.swift */ = {isa = PBXFileReference; lastKnownFileType = sourcecode.swift; path = SecondViewController.swift; sourceTree = "<group>"; };
		74C2B91A29E30DE900C84FEE /* UtilX.swift */ = {isa = PBXFileReference; lastKnownFileType = sourcecode.swift; path = UtilX.swift; sourceTree = "<group>"; };
		74CE2B1A29E79DCC005A6258 /* ThirdViewController.swift */ = {isa = PBXFileReference; lastKnownFileType = sourcecode.swift; path = ThirdViewController.swift; sourceTree = "<group>"; };
		74D56E732A4A81300050F614 /* SevenViewController.swift */ = {isa = PBXFileReference; lastKnownFileType = sourcecode.swift; path = SevenViewController.swift; sourceTree = "<group>"; };
		74E5A93C29F77C3F003431C3 /* BaseViewController.swift */ = {isa = PBXFileReference; lastKnownFileType = sourcecode.swift; path = BaseViewController.swift; sourceTree = "<group>"; };
		74E5A93E29F7AE2D003431C3 /* FifthViewController.swift */ = {isa = PBXFileReference; lastKnownFileType = sourcecode.swift; path = FifthViewController.swift; sourceTree = "<group>"; };
		74E5A96629F7F157003431C3 /* ListView.swift */ = {isa = PBXFileReference; lastKnownFileType = sourcecode.swift; path = ListView.swift; sourceTree = "<group>"; };
		74E7969429F8D0D700BBF4B4 /* UILabelViewController.swift */ = {isa = PBXFileReference; lastKnownFileType = sourcecode.swift; path = UILabelViewController.swift; sourceTree = "<group>"; };
		74EE72E029FA243B005CF0A6 /* UIButtonViewController.swift */ = {isa = PBXFileReference; lastKnownFileType = sourcecode.swift; path = UIButtonViewController.swift; sourceTree = "<group>"; };
		74F2779129F4C98900F90016 /* UIImageExtension.swift */ = {isa = PBXFileReference; lastKnownFileType = sourcecode.swift; path = UIImageExtension.swift; sourceTree = "<group>"; };
		74F2779329F5145000F90016 /* UIKitListViewController.swift */ = {isa = PBXFileReference; lastKnownFileType = sourcecode.swift; path = UIKitListViewController.swift; sourceTree = "<group>"; };
		74F2779529F514A300F90016 /* SwiftUIListViewController.swift */ = {isa = PBXFileReference; lastKnownFileType = sourcecode.swift; path = SwiftUIListViewController.swift; sourceTree = "<group>"; };
		74F2779729F5273E00F90016 /* CustomTabViewCellBySwiftUI.swift */ = {isa = PBXFileReference; lastKnownFileType = sourcecode.swift; path = CustomTabViewCellBySwiftUI.swift; sourceTree = "<group>"; };
		74F2779929F52EB600F90016 /* CustomTabViewCell.swift */ = {isa = PBXFileReference; lastKnownFileType = sourcecode.swift; path = CustomTabViewCell.swift; sourceTree = "<group>"; };
		74F2779B29F53BE800F90016 /* TableCellModel.swift */ = {isa = PBXFileReference; lastKnownFileType = sourcecode.swift; path = TableCellModel.swift; sourceTree = "<group>"; };
		74F2779D29F68EB300F90016 /* ColorExtentsion.swift */ = {isa = PBXFileReference; lastKnownFileType = sourcecode.swift; path = ColorExtentsion.swift; sourceTree = "<group>"; };
		889D57FD92D4E8809DA71017 /* Pods_iosdemo_iosdemoUITests.framework */ = {isa = PBXFileReference; explicitFileType = wrapper.framework; includeInIndex = 0; path = Pods_iosdemo_iosdemoUITests.framework; sourceTree = BUILT_PRODUCTS_DIR; };
		A50E4632AA4013E20C8609E6 /* Pods_iosdemo.framework */ = {isa = PBXFileReference; explicitFileType = wrapper.framework; includeInIndex = 0; path = Pods_iosdemo.framework; sourceTree = BUILT_PRODUCTS_DIR; };
		A5D87F6FD50C68DCC8931D2B /* Pods-iosdemo.release.xcconfig */ = {isa = PBXFileReference; includeInIndex = 1; lastKnownFileType = text.xcconfig; name = "Pods-iosdemo.release.xcconfig"; path = "Target Support Files/Pods-iosdemo/Pods-iosdemo.release.xcconfig"; sourceTree = "<group>"; };
		A9646C0A3ADA80E9DC6F0181 /* Pods-iosdemoTests.debug.xcconfig */ = {isa = PBXFileReference; includeInIndex = 1; lastKnownFileType = text.xcconfig; name = "Pods-iosdemoTests.debug.xcconfig"; path = "Target Support Files/Pods-iosdemoTests/Pods-iosdemoTests.debug.xcconfig"; sourceTree = "<group>"; };
		C3D86A4CF68BAF2DC7E71DF8 /* Pods-iosdemo-iosdemoUITests.release.xcconfig */ = {isa = PBXFileReference; includeInIndex = 1; lastKnownFileType = text.xcconfig; name = "Pods-iosdemo-iosdemoUITests.release.xcconfig"; path = "Target Support Files/Pods-iosdemo-iosdemoUITests/Pods-iosdemo-iosdemoUITests.release.xcconfig"; sourceTree = "<group>"; };
		DA0CDA6D1701570A41C89726 /* Pods-iosdemo-iosdemoUITests.debug.xcconfig */ = {isa = PBXFileReference; includeInIndex = 1; lastKnownFileType = text.xcconfig; name = "Pods-iosdemo-iosdemoUITests.debug.xcconfig"; path = "Target Support Files/Pods-iosdemo-iosdemoUITests/Pods-iosdemo-iosdemoUITests.debug.xcconfig"; sourceTree = "<group>"; };
/* End PBXFileReference section */

/* Begin PBXFrameworksBuildPhase section */
		74A8503C29DA6E0E0032823A /* Frameworks */ = {
			isa = PBXFrameworksBuildPhase;
			buildActionMask = 2147483647;
			files = (
				74155D302A47E9E500440A8B /* AVKit.framework in Frameworks */,
				03E7BEB87FF281F1034E2360 /* Pods_iosdemo.framework in Frameworks */,
				74155D322A47E9EE00440A8B /* AVFoundation.framework in Frameworks */,
			);
			runOnlyForDeploymentPostprocessing = 0;
		};
		74A8505229DA6E0F0032823A /* Frameworks */ = {
			isa = PBXFrameworksBuildPhase;
			buildActionMask = 2147483647;
			files = (
				F03D386444729890AF2E0F28 /* Pods_iosdemoTests.framework in Frameworks */,
			);
			runOnlyForDeploymentPostprocessing = 0;
		};
		74A8505C29DA6E0F0032823A /* Frameworks */ = {
			isa = PBXFrameworksBuildPhase;
			buildActionMask = 2147483647;
			files = (
				070BABBF76F2B6453220901B /* Pods_iosdemo_iosdemoUITests.framework in Frameworks */,
			);
			runOnlyForDeploymentPostprocessing = 0;
		};
/* End PBXFrameworksBuildPhase section */

/* Begin PBXGroup section */
		2DA88B5816B818549C6687FB /* Pods */ = {
			isa = PBXGroup;
			children = (
				4E766DF573671699CE409A76 /* Pods-iosdemo.debug.xcconfig */,
				A5D87F6FD50C68DCC8931D2B /* Pods-iosdemo.release.xcconfig */,
				DA0CDA6D1701570A41C89726 /* Pods-iosdemo-iosdemoUITests.debug.xcconfig */,
				C3D86A4CF68BAF2DC7E71DF8 /* Pods-iosdemo-iosdemoUITests.release.xcconfig */,
				A9646C0A3ADA80E9DC6F0181 /* Pods-iosdemoTests.debug.xcconfig */,
				25CAD43FF6409F956A7FF9A1 /* Pods-iosdemoTests.release.xcconfig */,
			);
			path = Pods;
			sourceTree = "<group>";
		};
		41C26EF22EDB88A51FCAA578 /* Frameworks */ = {
			isa = PBXGroup;
			children = (
				74155D312A47E9EE00440A8B /* AVFoundation.framework */,
				74155D2F2A47E9E400440A8B /* AVKit.framework */,
				7419299629E3B23600CF3A51 /* iosdemo.xcodeproj */,
				A50E4632AA4013E20C8609E6 /* Pods_iosdemo.framework */,
				889D57FD92D4E8809DA71017 /* Pods_iosdemo_iosdemoUITests.framework */,
				015EF945641D0AF99A0E9F50 /* Pods_iosdemoTests.framework */,
			);
			name = Frameworks;
			sourceTree = "<group>";
		};
		7419299729E3B23600CF3A51 /* Products */ = {
			isa = PBXGroup;
			children = (
			);
			name = Products;
			sourceTree = "<group>";
		};
		74A8503629DA6E0E0032823A = {
			isa = PBXGroup;
			children = (
				74A8504129DA6E0E0032823A /* iosdemo */,
				74A8505829DA6E0F0032823A /* iosdemoTests */,
				74A8506229DA6E0F0032823A /* iosdemoUITests */,
				74A8504029DA6E0E0032823A /* Products */,
				2DA88B5816B818549C6687FB /* Pods */,
				41C26EF22EDB88A51FCAA578 /* Frameworks */,
			);
			sourceTree = "<group>";
		};
		74A8504029DA6E0E0032823A /* Products */ = {
			isa = PBXGroup;
			children = (
				74A8503F29DA6E0E0032823A /* iosdemo.app */,
				74A8505529DA6E0F0032823A /* iosdemoTests.xctest */,
				74A8505F29DA6E0F0032823A /* iosdemoUITests.xctest */,
			);
			name = Products;
			sourceTree = "<group>";
		};
		74A8504129DA6E0E0032823A /* iosdemo */ = {
			isa = PBXGroup;
			children = (
				74E7969329F8D0B000BBF4B4 /* UIKitPage */,
				74A8504229DA6E0E0032823A /* AppDelegate.swift */,
				7419299029E317B700CF3A51 /* MGSLabel.swift */,
				74E5A93C29F77C3F003431C3 /* BaseViewController.swift */,
				74403FFF29ED467500E2DAAF /* TabViewController.swift */,
				74F2779D29F68EB300F90016 /* ColorExtentsion.swift */,
				74E5A96629F7F157003431C3 /* ListView.swift */,
				7419299229E317CF00CF3A51 /* Toast.swift */,
				74403FFB29E92EBA00E2DAAF /* FourthViewController.swift */,
				74A8504429DA6E0E0032823A /* SceneDelegate.swift */,
				74A8504629DA6E0E0032823A /* TestViewController.swift */,
				74403FFD29E933C500E2DAAF /* CustomTabs.swift */,
				74C2B91829E300EF00C84FEE /* SecondViewController.swift */,
				74155D2C2A47E60800440A8B /* SixViewController.swift */,
				74CE2B1A29E79DCC005A6258 /* ThirdViewController.swift */,
				74A8504829DA6E0E0032823A /* Main.storyboard */,
				74A8504B29DA6E0F0032823A /* Assets.xcassets */,
				74A8504D29DA6E0F0032823A /* LaunchScreen.storyboard */,
				74A8505029DA6E0F0032823A /* Info.plist */,
				74C2B91A29E30DE900C84FEE /* UtilX.swift */,
				7419299429E3A57C00CF3A51 /* CutomTextView.swift */,
				7474948C29E7D76C00391854 /* UIDeviceExtension.swift */,
				74403FF929E9260A00E2DAAF /* CustomTabBar.swift */,
				7440400129ED46F300E2DAAF /* Home.swift */,
				7440400329ED471100E2DAAF /* Test.swift */,
				74F2779129F4C98900F90016 /* UIImageExtension.swift */,
				74F2779329F5145000F90016 /* UIKitListViewController.swift */,
				74F2779529F514A300F90016 /* SwiftUIListViewController.swift */,
				74F2779729F5273E00F90016 /* CustomTabViewCellBySwiftUI.swift */,
				74F2779929F52EB600F90016 /* CustomTabViewCell.swift */,
				74F2779B29F53BE800F90016 /* TableCellModel.swift */,
				74E5A93E29F7AE2D003431C3 /* FifthViewController.swift */,
				74155D2A2A47E40000440A8B /* PictureInPictureManager.swift */,
				749FEF8A2A481B350003B6D3 /* VideoPlayer.swift */,
				74D56E732A4A81300050F614 /* SevenViewController.swift */,
			);
			path = iosdemo;
			sourceTree = "<group>";
		};
		74A8505829DA6E0F0032823A /* iosdemoTests */ = {
			isa = PBXGroup;
			children = (
				74A8505929DA6E0F0032823A /* iosdemoTests.swift */,
			);
			path = iosdemoTests;
			sourceTree = "<group>";
		};
		74A8506229DA6E0F0032823A /* iosdemoUITests */ = {
			isa = PBXGroup;
			children = (
				74A8506329DA6E0F0032823A /* iosdemoUITests.swift */,
				74A8506529DA6E0F0032823A /* iosdemoUITestsLaunchTests.swift */,
			);
			path = iosdemoUITests;
			sourceTree = "<group>";
		};
		74E7969329F8D0B000BBF4B4 /* UIKitPage */ = {
			isa = PBXGroup;
			children = (
				74E7969429F8D0D700BBF4B4 /* UILabelViewController.swift */,
				74EE72E029FA243B005CF0A6 /* UIButtonViewController.swift */,
			);
			path = UIKitPage;
			sourceTree = "<group>";
		};
/* End PBXGroup section */

/* Begin PBXNativeTarget section */
		74A8503E29DA6E0E0032823A /* iosdemo */ = {
			isa = PBXNativeTarget;
			buildConfigurationList = 74A8506929DA6E0F0032823A /* Build configuration list for PBXNativeTarget "iosdemo" */;
			buildPhases = (
				59192C1EB0211774056BD566 /* [CP] Check Pods Manifest.lock */,
				74A8503B29DA6E0E0032823A /* Sources */,
				74A8503C29DA6E0E0032823A /* Frameworks */,
				74A8503D29DA6E0E0032823A /* Resources */,
				ADAAF3639371EC4BEADD9372 /* [CP] Embed Pods Frameworks */,
			);
			buildRules = (
			);
			dependencies = (
			);
			name = iosdemo;
			productName = iosdemo;
			productReference = 74A8503F29DA6E0E0032823A /* iosdemo.app */;
			productType = "com.apple.product-type.application";
		};
		74A8505429DA6E0F0032823A /* iosdemoTests */ = {
			isa = PBXNativeTarget;
			buildConfigurationList = 74A8506C29DA6E0F0032823A /* Build configuration list for PBXNativeTarget "iosdemoTests" */;
			buildPhases = (
				5366B2104442965A40124402 /* [CP] Check Pods Manifest.lock */,
				74A8505129DA6E0F0032823A /* Sources */,
				74A8505229DA6E0F0032823A /* Frameworks */,
				74A8505329DA6E0F0032823A /* Resources */,
			);
			buildRules = (
			);
			dependencies = (
				74A8505729DA6E0F0032823A /* PBXTargetDependency */,
			);
			name = iosdemoTests;
			productName = iosdemoTests;
			productReference = 74A8505529DA6E0F0032823A /* iosdemoTests.xctest */;
			productType = "com.apple.product-type.bundle.unit-test";
		};
		74A8505E29DA6E0F0032823A /* iosdemoUITests */ = {
			isa = PBXNativeTarget;
			buildConfigurationList = 74A8506F29DA6E0F0032823A /* Build configuration list for PBXNativeTarget "iosdemoUITests" */;
			buildPhases = (
				6EE5FC0ED3F30D5678C5C04B /* [CP] Check Pods Manifest.lock */,
				74A8505B29DA6E0F0032823A /* Sources */,
				74A8505C29DA6E0F0032823A /* Frameworks */,
				74A8505D29DA6E0F0032823A /* Resources */,
				874D2804200135653885F993 /* [CP] Embed Pods Frameworks */,
			);
			buildRules = (
			);
			dependencies = (
				74A8506129DA6E0F0032823A /* PBXTargetDependency */,
			);
			name = iosdemoUITests;
			productName = iosdemoUITests;
			productReference = 74A8505F29DA6E0F0032823A /* iosdemoUITests.xctest */;
			productType = "com.apple.product-type.bundle.ui-testing";
		};
/* End PBXNativeTarget section */

/* Begin PBXProject section */
		74A8503729DA6E0E0032823A /* Project object */ = {
			isa = PBXProject;
			attributes = {
				BuildIndependentTargetsInParallel = 1;
				LastSwiftUpdateCheck = 1430;
				LastUpgradeCheck = 1430;
				TargetAttributes = {
					74A8503E29DA6E0E0032823A = {
						CreatedOnToolsVersion = 14.3;
					};
					74A8505429DA6E0F0032823A = {
						CreatedOnToolsVersion = 14.3;
						TestTargetID = 74A8503E29DA6E0E0032823A;
					};
					74A8505E29DA6E0F0032823A = {
						CreatedOnToolsVersion = 14.3;
						TestTargetID = 74A8503E29DA6E0E0032823A;
					};
				};
			};
			buildConfigurationList = 74A8503A29DA6E0E0032823A /* Build configuration list for PBXProject "iosdemo" */;
			compatibilityVersion = "Xcode 13.0";
			developmentRegion = en;
			hasScannedForEncodings = 0;
			knownRegions = (
				en,
				Base,
			);
			mainGroup = 74A8503629DA6E0E0032823A;
			productRefGroup = 74A8504029DA6E0E0032823A /* Products */;
			projectDirPath = "";
			projectReferences = (
				{
					ProductGroup = 7419299729E3B23600CF3A51 /* Products */;
					ProjectRef = 7419299629E3B23600CF3A51 /* iosdemo.xcodeproj */;
				},
			);
			projectRoot = "";
			targets = (
				74A8503E29DA6E0E0032823A /* iosdemo */,
				74A8505429DA6E0F0032823A /* iosdemoTests */,
				74A8505E29DA6E0F0032823A /* iosdemoUITests */,
			);
		};
/* End PBXProject section */

/* Begin PBXResourcesBuildPhase section */
		74A8503D29DA6E0E0032823A /* Resources */ = {
			isa = PBXResourcesBuildPhase;
			buildActionMask = 2147483647;
			files = (
				74A8504F29DA6E0F0032823A /* LaunchScreen.storyboard in Resources */,
				74A8504C29DA6E0F0032823A /* Assets.xcassets in Resources */,
				74A8504A29DA6E0E0032823A /* Main.storyboard in Resources */,
			);
			runOnlyForDeploymentPostprocessing = 0;
		};
		74A8505329DA6E0F0032823A /* Resources */ = {
			isa = PBXResourcesBuildPhase;
			buildActionMask = 2147483647;
			files = (
			);
			runOnlyForDeploymentPostprocessing = 0;
		};
		74A8505D29DA6E0F0032823A /* Resources */ = {
			isa = PBXResourcesBuildPhase;
			buildActionMask = 2147483647;
			files = (
			);
			runOnlyForDeploymentPostprocessing = 0;
		};
/* End PBXResourcesBuildPhase section */

/* Begin PBXShellScriptBuildPhase section */
		5366B2104442965A40124402 /* [CP] Check Pods Manifest.lock */ = {
			isa = PBXShellScriptBuildPhase;
			buildActionMask = 2147483647;
			files = (
			);
			inputFileListPaths = (
			);
			inputPaths = (
				"${PODS_PODFILE_DIR_PATH}/Podfile.lock",
				"${PODS_ROOT}/Manifest.lock",
			);
			name = "[CP] Check Pods Manifest.lock";
			outputFileListPaths = (
			);
			outputPaths = (
				"$(DERIVED_FILE_DIR)/Pods-iosdemoTests-checkManifestLockResult.txt",
			);
			runOnlyForDeploymentPostprocessing = 0;
			shellPath = /bin/sh;
			shellScript = "diff \"${PODS_PODFILE_DIR_PATH}/Podfile.lock\" \"${PODS_ROOT}/Manifest.lock\" > /dev/null\nif [ $? != 0 ] ; then\n    # print error to STDERR\n    echo \"error: The sandbox is not in sync with the Podfile.lock. Run 'pod install' or update your CocoaPods installation.\" >&2\n    exit 1\nfi\n# This output is used by Xcode 'outputs' to avoid re-running this script phase.\necho \"SUCCESS\" > \"${SCRIPT_OUTPUT_FILE_0}\"\n";
			showEnvVarsInLog = 0;
		};
		59192C1EB0211774056BD566 /* [CP] Check Pods Manifest.lock */ = {
			isa = PBXShellScriptBuildPhase;
			buildActionMask = 2147483647;
			files = (
			);
			inputFileListPaths = (
			);
			inputPaths = (
				"${PODS_PODFILE_DIR_PATH}/Podfile.lock",
				"${PODS_ROOT}/Manifest.lock",
			);
			name = "[CP] Check Pods Manifest.lock";
			outputFileListPaths = (
			);
			outputPaths = (
				"$(DERIVED_FILE_DIR)/Pods-iosdemo-checkManifestLockResult.txt",
			);
			runOnlyForDeploymentPostprocessing = 0;
			shellPath = /bin/sh;
			shellScript = "diff \"${PODS_PODFILE_DIR_PATH}/Podfile.lock\" \"${PODS_ROOT}/Manifest.lock\" > /dev/null\nif [ $? != 0 ] ; then\n    # print error to STDERR\n    echo \"error: The sandbox is not in sync with the Podfile.lock. Run 'pod install' or update your CocoaPods installation.\" >&2\n    exit 1\nfi\n# This output is used by Xcode 'outputs' to avoid re-running this script phase.\necho \"SUCCESS\" > \"${SCRIPT_OUTPUT_FILE_0}\"\n";
			showEnvVarsInLog = 0;
		};
		6EE5FC0ED3F30D5678C5C04B /* [CP] Check Pods Manifest.lock */ = {
			isa = PBXShellScriptBuildPhase;
			buildActionMask = 2147483647;
			files = (
			);
			inputFileListPaths = (
			);
			inputPaths = (
				"${PODS_PODFILE_DIR_PATH}/Podfile.lock",
				"${PODS_ROOT}/Manifest.lock",
			);
			name = "[CP] Check Pods Manifest.lock";
			outputFileListPaths = (
			);
			outputPaths = (
				"$(DERIVED_FILE_DIR)/Pods-iosdemo-iosdemoUITests-checkManifestLockResult.txt",
			);
			runOnlyForDeploymentPostprocessing = 0;
			shellPath = /bin/sh;
			shellScript = "diff \"${PODS_PODFILE_DIR_PATH}/Podfile.lock\" \"${PODS_ROOT}/Manifest.lock\" > /dev/null\nif [ $? != 0 ] ; then\n    # print error to STDERR\n    echo \"error: The sandbox is not in sync with the Podfile.lock. Run 'pod install' or update your CocoaPods installation.\" >&2\n    exit 1\nfi\n# This output is used by Xcode 'outputs' to avoid re-running this script phase.\necho \"SUCCESS\" > \"${SCRIPT_OUTPUT_FILE_0}\"\n";
			showEnvVarsInLog = 0;
		};
		874D2804200135653885F993 /* [CP] Embed Pods Frameworks */ = {
			isa = PBXShellScriptBuildPhase;
			buildActionMask = 2147483647;
			files = (
			);
			inputFileListPaths = (
				"${PODS_ROOT}/Target Support Files/Pods-iosdemo-iosdemoUITests/Pods-iosdemo-iosdemoUITests-frameworks-${CONFIGURATION}-input-files.xcfilelist",
			);
			name = "[CP] Embed Pods Frameworks";
			outputFileListPaths = (
				"${PODS_ROOT}/Target Support Files/Pods-iosdemo-iosdemoUITests/Pods-iosdemo-iosdemoUITests-frameworks-${CONFIGURATION}-output-files.xcfilelist",
			);
			runOnlyForDeploymentPostprocessing = 0;
			shellPath = /bin/sh;
			shellScript = "\"${PODS_ROOT}/Target Support Files/Pods-iosdemo-iosdemoUITests/Pods-iosdemo-iosdemoUITests-frameworks.sh\"\n";
			showEnvVarsInLog = 0;
		};
		ADAAF3639371EC4BEADD9372 /* [CP] Embed Pods Frameworks */ = {
			isa = PBXShellScriptBuildPhase;
			buildActionMask = 2147483647;
			files = (
			);
			inputFileListPaths = (
				"${PODS_ROOT}/Target Support Files/Pods-iosdemo/Pods-iosdemo-frameworks-${CONFIGURATION}-input-files.xcfilelist",
			);
			name = "[CP] Embed Pods Frameworks";
			outputFileListPaths = (
				"${PODS_ROOT}/Target Support Files/Pods-iosdemo/Pods-iosdemo-frameworks-${CONFIGURATION}-output-files.xcfilelist",
			);
			runOnlyForDeploymentPostprocessing = 0;
			shellPath = /bin/sh;
			shellScript = "\"${PODS_ROOT}/Target Support Files/Pods-iosdemo/Pods-iosdemo-frameworks.sh\"\n";
			showEnvVarsInLog = 0;
		};
/* End PBXShellScriptBuildPhase section */

/* Begin PBXSourcesBuildPhase section */
		74A8503B29DA6E0E0032823A /* Sources */ = {
			isa = PBXSourcesBuildPhase;
			buildActionMask = 2147483647;
			files = (
				74403FFC29E92EBA00E2DAAF /* FourthViewController.swift in Sources */,
				74F2779A29F52EB600F90016 /* CustomTabViewCell.swift in Sources */,
				74F2779C29F53BE800F90016 /* TableCellModel.swift in Sources */,
				7419299129E317B700CF3A51 /* MGSLabel.swift in Sources */,
				74F2779229F4C98900F90016 /* UIImageExtension.swift in Sources */,
				74E5A93D29F77C3F003431C3 /* BaseViewController.swift in Sources */,
				749FEF8B2A481B350003B6D3 /* VideoPlayer.swift in Sources */,
				74F2779629F514A300F90016 /* SwiftUIListViewController.swift in Sources */,
				74F2779E29F68EB300F90016 /* ColorExtentsion.swift in Sources */,
				74CE2B1B29E79DCC005A6258 /* ThirdViewController.swift in Sources */,
				74155D2D2A47E60800440A8B /* SixViewController.swift in Sources */,
				74403FFE29E933C500E2DAAF /* CustomTabs.swift in Sources */,
				74C2B91B29E30DE900C84FEE /* UtilX.swift in Sources */,
				7440400429ED471100E2DAAF /* Test.swift in Sources */,
				74EE72E129FA243B005CF0A6 /* UIButtonViewController.swift in Sources */,
				74F2779429F5145000F90016 /* UIKitListViewController.swift in Sources */,
				74403FFA29E9260A00E2DAAF /* CustomTabBar.swift in Sources */,
				74E5A96729F7F157003431C3 /* ListView.swift in Sources */,
				74C2B91929E300EF00C84FEE /* SecondViewController.swift in Sources */,
				7440400229ED46F300E2DAAF /* Home.swift in Sources */,
				74D56E742A4A81300050F614 /* SevenViewController.swift in Sources */,
				74A8504729DA6E0E0032823A /* TestViewController.swift in Sources */,
				7474948D29E7D76C00391854 /* UIDeviceExtension.swift in Sources */,
				74A8504329DA6E0E0032823A /* AppDelegate.swift in Sources */,
				74155D2B2A47E40000440A8B /* PictureInPictureManager.swift in Sources */,
				74E7969529F8D0D700BBF4B4 /* UILabelViewController.swift in Sources */,
				74A8504529DA6E0E0032823A /* SceneDelegate.swift in Sources */,
				74E5A93F29F7AE2D003431C3 /* FifthViewController.swift in Sources */,
				74F2779829F5273E00F90016 /* CustomTabViewCellBySwiftUI.swift in Sources */,
				7419299529E3A57C00CF3A51 /* CutomTextView.swift in Sources */,
				7440400029ED467500E2DAAF /* TabViewController.swift in Sources */,
				7419299329E317CF00CF3A51 /* Toast.swift in Sources */,
			);
			runOnlyForDeploymentPostprocessing = 0;
		};
		74A8505129DA6E0F0032823A /* Sources */ = {
			isa = PBXSourcesBuildPhase;
			buildActionMask = 2147483647;
			files = (
				74A8505A29DA6E0F0032823A /* iosdemoTests.swift in Sources */,
			);
			runOnlyForDeploymentPostprocessing = 0;
		};
		74A8505B29DA6E0F0032823A /* Sources */ = {
			isa = PBXSourcesBuildPhase;
			buildActionMask = 2147483647;
			files = (
				74A8506429DA6E0F0032823A /* iosdemoUITests.swift in Sources */,
				74A8506629DA6E0F0032823A /* iosdemoUITestsLaunchTests.swift in Sources */,
			);
			runOnlyForDeploymentPostprocessing = 0;
		};
/* End PBXSourcesBuildPhase section */

/* Begin PBXTargetDependency section */
		74A8505729DA6E0F0032823A /* PBXTargetDependency */ = {
			isa = PBXTargetDependency;
			target = 74A8503E29DA6E0E0032823A /* iosdemo */;
			targetProxy = 74A8505629DA6E0F0032823A /* PBXContainerItemProxy */;
		};
		74A8506129DA6E0F0032823A /* PBXTargetDependency */ = {
			isa = PBXTargetDependency;
			target = 74A8503E29DA6E0E0032823A /* iosdemo */;
			targetProxy = 74A8506029DA6E0F0032823A /* PBXContainerItemProxy */;
		};
/* End PBXTargetDependency section */

/* Begin PBXVariantGroup section */
		74A8504829DA6E0E0032823A /* Main.storyboard */ = {
			isa = PBXVariantGroup;
			children = (
				74A8504929DA6E0E0032823A /* Base */,
			);
			name = Main.storyboard;
			sourceTree = "<group>";
		};
		74A8504D29DA6E0F0032823A /* LaunchScreen.storyboard */ = {
			isa = PBXVariantGroup;
			children = (
				74A8504E29DA6E0F0032823A /* Base */,
			);
			name = LaunchScreen.storyboard;
			sourceTree = "<group>";
		};
/* End PBXVariantGroup section */

/* Begin XCBuildConfiguration section */
		74A8506729DA6E0F0032823A /* Debug */ = {
			isa = XCBuildConfiguration;
			buildSettings = {
				ALWAYS_SEARCH_USER_PATHS = NO;
				CLANG_ANALYZER_NONNULL = YES;
				CLANG_ANALYZER_NUMBER_OBJECT_CONVERSION = YES_AGGRESSIVE;
				CLANG_CXX_LANGUAGE_STANDARD = "gnu++20";
				CLANG_ENABLE_MODULES = YES;
				CLANG_ENABLE_OBJC_ARC = YES;
				CLANG_ENABLE_OBJC_WEAK = YES;
				CLANG_WARN_BLOCK_CAPTURE_AUTORELEASING = YES;
				CLANG_WARN_BOOL_CONVERSION = YES;
				CLANG_WARN_COMMA = YES;
				CLANG_WARN_CONSTANT_CONVERSION = YES;
				CLANG_WARN_DEPRECATED_OBJC_IMPLEMENTATIONS = YES;
				CLANG_WARN_DIRECT_OBJC_ISA_USAGE = YES_ERROR;
				CLANG_WARN_DOCUMENTATION_COMMENTS = YES;
				CLANG_WARN_EMPTY_BODY = YES;
				CLANG_WARN_ENUM_CONVERSION = YES;
				CLANG_WARN_INFINITE_RECURSION = YES;
				CLANG_WARN_INT_CONVERSION = YES;
				CLANG_WARN_NON_LITERAL_NULL_CONVERSION = YES;
				CLANG_WARN_OBJC_IMPLICIT_RETAIN_SELF = YES;
				CLANG_WARN_OBJC_LITERAL_CONVERSION = YES;
				CLANG_WARN_OBJC_ROOT_CLASS = YES_ERROR;
				CLANG_WARN_QUOTED_INCLUDE_IN_FRAMEWORK_HEADER = YES;
				CLANG_WARN_RANGE_LOOP_ANALYSIS = YES;
				CLANG_WARN_STRICT_PROTOTYPES = YES;
				CLANG_WARN_SUSPICIOUS_MOVE = YES;
				CLANG_WARN_UNGUARDED_AVAILABILITY = YES_AGGRESSIVE;
				CLANG_WARN_UNREACHABLE_CODE = YES;
				CLANG_WARN__DUPLICATE_METHOD_MATCH = YES;
				COPY_PHASE_STRIP = NO;
				DEBUG_INFORMATION_FORMAT = dwarf;
				ENABLE_STRICT_OBJC_MSGSEND = YES;
				ENABLE_TESTABILITY = YES;
				"EXCLUDED_ARCHS[sdk=iphonesimulator*]" = arm64;
				GCC_C_LANGUAGE_STANDARD = gnu11;
				GCC_DYNAMIC_NO_PIC = NO;
				GCC_NO_COMMON_BLOCKS = YES;
				GCC_OPTIMIZATION_LEVEL = 0;
				GCC_PREPROCESSOR_DEFINITIONS = (
					"DEBUG=1",
					"$(inherited)",
				);
				GCC_WARN_64_TO_32_BIT_CONVERSION = YES;
				GCC_WARN_ABOUT_RETURN_TYPE = YES_ERROR;
				GCC_WARN_UNDECLARED_SELECTOR = YES;
				GCC_WARN_UNINITIALIZED_AUTOS = YES_AGGRESSIVE;
				GCC_WARN_UNUSED_FUNCTION = YES;
				GCC_WARN_UNUSED_VARIABLE = YES;
				IPHONEOS_DEPLOYMENT_TARGET = 16.0;
				MTL_ENABLE_DEBUG_INFO = INCLUDE_SOURCE;
				MTL_FAST_MATH = YES;
				ONLY_ACTIVE_ARCH = YES;
				SDKROOT = iphoneos;
				SWIFT_ACTIVE_COMPILATION_CONDITIONS = DEBUG;
				SWIFT_OPTIMIZATION_LEVEL = "-Onone";
			};
			name = Debug;
		};
		74A8506829DA6E0F0032823A /* Release */ = {
			isa = XCBuildConfiguration;
			buildSettings = {
				ALWAYS_SEARCH_USER_PATHS = NO;
				CLANG_ANALYZER_NONNULL = YES;
				CLANG_ANALYZER_NUMBER_OBJECT_CONVERSION = YES_AGGRESSIVE;
				CLANG_CXX_LANGUAGE_STANDARD = "gnu++20";
				CLANG_ENABLE_MODULES = YES;
				CLANG_ENABLE_OBJC_ARC = YES;
				CLANG_ENABLE_OBJC_WEAK = YES;
				CLANG_WARN_BLOCK_CAPTURE_AUTORELEASING = YES;
				CLANG_WARN_BOOL_CONVERSION = YES;
				CLANG_WARN_COMMA = YES;
				CLANG_WARN_CONSTANT_CONVERSION = YES;
				CLANG_WARN_DEPRECATED_OBJC_IMPLEMENTATIONS = YES;
				CLANG_WARN_DIRECT_OBJC_ISA_USAGE = YES_ERROR;
				CLANG_WARN_DOCUMENTATION_COMMENTS = YES;
				CLANG_WARN_EMPTY_BODY = YES;
				CLANG_WARN_ENUM_CONVERSION = YES;
				CLANG_WARN_INFINITE_RECURSION = YES;
				CLANG_WARN_INT_CONVERSION = YES;
				CLANG_WARN_NON_LITERAL_NULL_CONVERSION = YES;
				CLANG_WARN_OBJC_IMPLICIT_RETAIN_SELF = YES;
				CLANG_WARN_OBJC_LITERAL_CONVERSION = YES;
				CLANG_WARN_OBJC_ROOT_CLASS = YES_ERROR;
				CLANG_WARN_QUOTED_INCLUDE_IN_FRAMEWORK_HEADER = YES;
				CLANG_WARN_RANGE_LOOP_ANALYSIS = YES;
				CLANG_WARN_STRICT_PROTOTYPES = YES;
				CLANG_WARN_SUSPICIOUS_MOVE = YES;
				CLANG_WARN_UNGUARDED_AVAILABILITY = YES_AGGRESSIVE;
				CLANG_WARN_UNREACHABLE_CODE = YES;
				CLANG_WARN__DUPLICATE_METHOD_MATCH = YES;
				COPY_PHASE_STRIP = NO;
				DEBUG_INFORMATION_FORMAT = "dwarf-with-dsym";
				ENABLE_NS_ASSERTIONS = NO;
				ENABLE_STRICT_OBJC_MSGSEND = YES;
				GCC_C_LANGUAGE_STANDARD = gnu11;
				GCC_NO_COMMON_BLOCKS = YES;
				GCC_WARN_64_TO_32_BIT_CONVERSION = YES;
				GCC_WARN_ABOUT_RETURN_TYPE = YES_ERROR;
				GCC_WARN_UNDECLARED_SELECTOR = YES;
				GCC_WARN_UNINITIALIZED_AUTOS = YES_AGGRESSIVE;
				GCC_WARN_UNUSED_FUNCTION = YES;
				GCC_WARN_UNUSED_VARIABLE = YES;
				IPHONEOS_DEPLOYMENT_TARGET = 16.0;
				MTL_ENABLE_DEBUG_INFO = NO;
				MTL_FAST_MATH = YES;
				SDKROOT = iphoneos;
				SWIFT_COMPILATION_MODE = wholemodule;
				SWIFT_OPTIMIZATION_LEVEL = "-O";
				VALIDATE_PRODUCT = YES;
			};
			name = Release;
		};
		74A8506A29DA6E0F0032823A /* Debug */ = {
			isa = XCBuildConfiguration;
			baseConfigurationReference = 4E766DF573671699CE409A76 /* Pods-iosdemo.debug.xcconfig */;
			buildSettings = {
				ASSETCATALOG_COMPILER_APPICON_NAME = AppIcon;
				ASSETCATALOG_COMPILER_GLOBAL_ACCENT_COLOR_NAME = AccentColor;
				CODE_SIGN_STYLE = Automatic;
				CURRENT_PROJECT_VERSION = 1;
				DEVELOPMENT_TEAM = 4U25NMYTBP;
				GENERATE_INFOPLIST_FILE = YES;
				INFOPLIST_FILE = iosdemo/Info.plist;
				INFOPLIST_KEY_UIApplicationSupportsIndirectInputEvents = YES;
				INFOPLIST_KEY_UILaunchStoryboardName = LaunchScreen;
				INFOPLIST_KEY_UIMainStoryboardFile = Main;
				INFOPLIST_KEY_UISupportedInterfaceOrientations_iPad = "UIInterfaceOrientationPortrait UIInterfaceOrientationPortraitUpsideDown UIInterfaceOrientationLandscapeLeft UIInterfaceOrientationLandscapeRight";
				INFOPLIST_KEY_UISupportedInterfaceOrientations_iPhone = "UIInterfaceOrientationPortrait UIInterfaceOrientationLandscapeLeft UIInterfaceOrientationLandscapeRight";
				LD_RUNPATH_SEARCH_PATHS = (
					"$(inherited)",
					"@executable_path/Frameworks",
				);
				MARKETING_VERSION = 1.0;
				PRODUCT_BUNDLE_IDENTIFIER = com.kevin.iosdemo;
				PRODUCT_NAME = "$(TARGET_NAME)";
				SWIFT_EMIT_LOC_STRINGS = YES;
				SWIFT_VERSION = 5.0;
				TARGETED_DEVICE_FAMILY = "1,2";
			};
			name = Debug;
		};
		74A8506B29DA6E0F0032823A /* Release */ = {
			isa = XCBuildConfiguration;
			baseConfigurationReference = A5D87F6FD50C68DCC8931D2B /* Pods-iosdemo.release.xcconfig */;
			buildSettings = {
				ASSETCATALOG_COMPILER_APPICON_NAME = AppIcon;
				ASSETCATALOG_COMPILER_GLOBAL_ACCENT_COLOR_NAME = AccentColor;
				CODE_SIGN_STYLE = Automatic;
				CURRENT_PROJECT_VERSION = 1;
				DEVELOPMENT_TEAM = 4U25NMYTBP;
				GENERATE_INFOPLIST_FILE = YES;
				INFOPLIST_FILE = iosdemo/Info.plist;
				INFOPLIST_KEY_UIApplicationSupportsIndirectInputEvents = YES;
				INFOPLIST_KEY_UILaunchStoryboardName = LaunchScreen;
				INFOPLIST_KEY_UIMainStoryboardFile = Main;
				INFOPLIST_KEY_UISupportedInterfaceOrientations_iPad = "UIInterfaceOrientationPortrait UIInterfaceOrientationPortraitUpsideDown UIInterfaceOrientationLandscapeLeft UIInterfaceOrientationLandscapeRight";
				INFOPLIST_KEY_UISupportedInterfaceOrientations_iPhone = "UIInterfaceOrientationPortrait UIInterfaceOrientationLandscapeLeft UIInterfaceOrientationLandscapeRight";
				LD_RUNPATH_SEARCH_PATHS = (
					"$(inherited)",
					"@executable_path/Frameworks",
				);
				MARKETING_VERSION = 1.0;
				PRODUCT_BUNDLE_IDENTIFIER = com.kevin.iosdemo;
				PRODUCT_NAME = "$(TARGET_NAME)";
				SWIFT_EMIT_LOC_STRINGS = YES;
				SWIFT_VERSION = 5.0;
				TARGETED_DEVICE_FAMILY = "1,2";
			};
			name = Release;
		};
		74A8506D29DA6E0F0032823A /* Debug */ = {
			isa = XCBuildConfiguration;
			baseConfigurationReference = A9646C0A3ADA80E9DC6F0181 /* Pods-iosdemoTests.debug.xcconfig */;
			buildSettings = {
				ALWAYS_EMBED_SWIFT_STANDARD_LIBRARIES = YES;
				BUNDLE_LOADER = "$(TEST_HOST)";
				CODE_SIGN_STYLE = Automatic;
				CURRENT_PROJECT_VERSION = 1;
				GENERATE_INFOPLIST_FILE = YES;
				IPHONEOS_DEPLOYMENT_TARGET = 16.4;
				MARKETING_VERSION = 1.0;
				PRODUCT_BUNDLE_IDENTIFIER = com.kevin.iosdemoTests;
				PRODUCT_NAME = "$(TARGET_NAME)";
				SWIFT_EMIT_LOC_STRINGS = NO;
				SWIFT_VERSION = 5.0;
				TARGETED_DEVICE_FAMILY = "1,2";
				TEST_HOST = "$(BUILT_PRODUCTS_DIR)/iosdemo.app/$(BUNDLE_EXECUTABLE_FOLDER_PATH)/iosdemo";
			};
			name = Debug;
		};
		74A8506E29DA6E0F0032823A /* Release */ = {
			isa = XCBuildConfiguration;
			baseConfigurationReference = 25CAD43FF6409F956A7FF9A1 /* Pods-iosdemoTests.release.xcconfig */;
			buildSettings = {
				ALWAYS_EMBED_SWIFT_STANDARD_LIBRARIES = YES;
				BUNDLE_LOADER = "$(TEST_HOST)";
				CODE_SIGN_STYLE = Automatic;
				CURRENT_PROJECT_VERSION = 1;
				GENERATE_INFOPLIST_FILE = YES;
				IPHONEOS_DEPLOYMENT_TARGET = 16.4;
				MARKETING_VERSION = 1.0;
				PRODUCT_BUNDLE_IDENTIFIER = com.kevin.iosdemoTests;
				PRODUCT_NAME = "$(TARGET_NAME)";
				SWIFT_EMIT_LOC_STRINGS = NO;
				SWIFT_VERSION = 5.0;
				TARGETED_DEVICE_FAMILY = "1,2";
				TEST_HOST = "$(BUILT_PRODUCTS_DIR)/iosdemo.app/$(BUNDLE_EXECUTABLE_FOLDER_PATH)/iosdemo";
			};
			name = Release;
		};
		74A8507029DA6E0F0032823A /* Debug */ = {
			isa = XCBuildConfiguration;
			baseConfigurationReference = DA0CDA6D1701570A41C89726 /* Pods-iosdemo-iosdemoUITests.debug.xcconfig */;
			buildSettings = {
				ALWAYS_EMBED_SWIFT_STANDARD_LIBRARIES = YES;
				CODE_SIGN_STYLE = Automatic;
				CURRENT_PROJECT_VERSION = 1;
				GENERATE_INFOPLIST_FILE = YES;
				MARKETING_VERSION = 1.0;
				PRODUCT_BUNDLE_IDENTIFIER = com.kevin.iosdemoUITests;
				PRODUCT_NAME = "$(TARGET_NAME)";
				SWIFT_EMIT_LOC_STRINGS = NO;
				SWIFT_VERSION = 5.0;
				TARGETED_DEVICE_FAMILY = "1,2";
				TEST_TARGET_NAME = iosdemo;
			};
			name = Debug;
		};
		74A8507129DA6E0F0032823A /* Release */ = {
			isa = XCBuildConfiguration;
			baseConfigurationReference = C3D86A4CF68BAF2DC7E71DF8 /* Pods-iosdemo-iosdemoUITests.release.xcconfig */;
			buildSettings = {
				ALWAYS_EMBED_SWIFT_STANDARD_LIBRARIES = YES;
				CODE_SIGN_STYLE = Automatic;
				CURRENT_PROJECT_VERSION = 1;
				GENERATE_INFOPLIST_FILE = YES;
				MARKETING_VERSION = 1.0;
				PRODUCT_BUNDLE_IDENTIFIER = com.kevin.iosdemoUITests;
				PRODUCT_NAME = "$(TARGET_NAME)";
				SWIFT_EMIT_LOC_STRINGS = NO;
				SWIFT_VERSION = 5.0;
				TARGETED_DEVICE_FAMILY = "1,2";
				TEST_TARGET_NAME = iosdemo;
			};
			name = Release;
		};
/* End XCBuildConfiguration section */

/* Begin XCConfigurationList section */
		74A8503A29DA6E0E0032823A /* Build configuration list for PBXProject "iosdemo" */ = {
			isa = XCConfigurationList;
			buildConfigurations = (
				74A8506729DA6E0F0032823A /* Debug */,
				74A8506829DA6E0F0032823A /* Release */,
			);
			defaultConfigurationIsVisible = 0;
			defaultConfigurationName = Release;
		};
		74A8506929DA6E0F0032823A /* Build configuration list for PBXNativeTarget "iosdemo" */ = {
			isa = XCConfigurationList;
			buildConfigurations = (
				74A8506A29DA6E0F0032823A /* Debug */,
				74A8506B29DA6E0F0032823A /* Release */,
			);
			defaultConfigurationIsVisible = 0;
			defaultConfigurationName = Release;
		};
		74A8506C29DA6E0F0032823A /* Build configuration list for PBXNativeTarget "iosdemoTests" */ = {
			isa = XCConfigurationList;
			buildConfigurations = (
				74A8506D29DA6E0F0032823A /* Debug */,
				74A8506E29DA6E0F0032823A /* Release */,
			);
			defaultConfigurationIsVisible = 0;
			defaultConfigurationName = Release;
		};
		74A8506F29DA6E0F0032823A /* Build configuration list for PBXNativeTarget "iosdemoUITests" */ = {
			isa = XCConfigurationList;
			buildConfigurations = (
				74A8507029DA6E0F0032823A /* Debug */,
				74A8507129DA6E0F0032823A /* Release */,
			);
			defaultConfigurationIsVisible = 0;
			defaultConfigurationName = Release;
		};
/* End XCConfigurationList section */
	};
	rootObject = 74A8503729DA6E0E0032823A /* Project object */;
}
